
Microsoft Visual Studio Solution File, Format Version 12.00
# Visual Studio Version 17
VisualStudioVersion = 17.3.32901.215
MinimumVisualStudioVersion = 10.0.40219.1
Project("{FAE04EC0-301F-11D3-BF4B-00C04F79EFBC}") = "P4_1_1214059", "P4_1_1214059\P4_1_1214059.csproj", "{9F50211F-D35E-403A-9BC8-7968A08D22EC}"
EndProject
Global
	GlobalSection(SolutionConfigurationPlatforms) = preSolution
		Debug|Any CPU = Debug|Any CPU
		Release|Any CPU = Release|Any CPU
	EndGlobalSection
	GlobalSection(ProjectConfigurationPlatforms) = postSolution
		{9F50211F-D35E-403A-9BC8-7968A08D22EC}.Debug|Any CPU.ActiveCfg = Debug|Any CPU
		{9F50211F-D35E-403A-9BC8-7968A08D22EC}.Debug|Any CPU.Build.0 = Debug|Any CPU
		{9F50211F-D35E-403A-9BC8-7968A08D22EC}.Release|Any CPU.ActiveCfg = Release|Any CPU
		{9F50211F-D35E-403A-9BC8-7968A08D22EC}.Release|Any CPU.Build.0 = Release|Any CPU
	EndGlobalSection
	GlobalSection(SolutionProperties) = preSolution
		HideSolutionNode = FALSE
	EndGlobalSection
	GlobalSection(ExtensibilityGlobals) = postSolution
		SolutionGuid = {7198E82E-7680-459B-81EA-9BE904381177}
	EndGlobalSection
EndGlobal
